
Microsoft Visual Studio Solution File, Format Version 12.00
# Visual Studio Version 17
VisualStudioVersion = 17.0.32014.148
MinimumVisualStudioVersion = 10.0.40219.1
Project("{FAE04EC0-301F-11D3-BF4B-00C04F79EFBC}") = "ReizTech2_Guillermo_Rosadio", "ReizTech2_Guillermo_Rosadio.csproj", "{199C6E1A-3A10-4325-AF97-55C984FE87A8}"
EndProject
Global
	GlobalSection(SolutionConfigurationPlatforms) = preSolution
		Debug|Any CPU = Debug|Any CPU
		Release|Any CPU = Release|Any CPU
	EndGlobalSection
	GlobalSection(ProjectConfigurationPlatforms) = postSolution
		{199C6E1A-3A10-4325-AF97-55C984FE87A8}.Debug|Any CPU.ActiveCfg = Debug|Any CPU
		{199C6E1A-3A10-4325-AF97-55C984FE87A8}.Debug|Any CPU.Build.0 = Debug|Any CPU
		{199C6E1A-3A10-4325-AF97-55C984FE87A8}.Release|Any CPU.ActiveCfg = Release|Any CPU
		{199C6E1A-3A10-4325-AF97-55C984FE87A8}.Release|Any CPU.Build.0 = Release|Any CPU
	EndGlobalSection
	GlobalSection(SolutionProperties) = preSolution
		HideSolutionNode = FALSE
	EndGlobalSection
	GlobalSection(ExtensibilityGlobals) = postSolution
		SolutionGuid = {515B90AC-7855-43B1-AF3E-0BDCBF83BAA8}
	EndGlobalSection
EndGlobal
